
Microsoft Visual Studio Solution File, Format Version 12.00
# Visual Studio Version 17
VisualStudioVersion = 17.1.32421.90
MinimumVisualStudioVersion = 10.0.40219.1
Project("{FAE04EC0-301F-11D3-BF4B-00C04F79EFBC}") = "Github_Integration", "Github_Integration\Github_Integration.csproj", "{4B6B8AFE-2D1D-4B6D-860C-3D9CE6E7BF08}"
EndProject
Global
	GlobalSection(SolutionConfigurationPlatforms) = preSolution
		Debug|Any CPU = Debug|Any CPU
		Release|Any CPU = Release|Any CPU
	EndGlobalSection
	GlobalSection(ProjectConfigurationPlatforms) = postSolution
		{4B6B8AFE-2D1D-4B6D-860C-3D9CE6E7BF08}.Debug|Any CPU.ActiveCfg = Debug|Any CPU
		{4B6B8AFE-2D1D-4B6D-860C-3D9CE6E7BF08}.Debug|Any CPU.Build.0 = Debug|Any CPU
		{4B6B8AFE-2D1D-4B6D-860C-3D9CE6E7BF08}.Release|Any CPU.ActiveCfg = Release|Any CPU
		{4B6B8AFE-2D1D-4B6D-860C-3D9CE6E7BF08}.Release|Any CPU.Build.0 = Release|Any CPU
	EndGlobalSection
	GlobalSection(SolutionProperties) = preSolution
		HideSolutionNode = FALSE
	EndGlobalSection
	GlobalSection(ExtensibilityGlobals) = postSolution
		SolutionGuid = {E65B69D4-C580-4FEC-9A72-707B05D46C48}
	EndGlobalSection
EndGlobal
